
Microsoft Visual Studio Solution File, Format Version 12.00
# Visual Studio Version 17
VisualStudioVersion = 17.3.32901.215
MinimumVisualStudioVersion = 10.0.40219.1
Project("{FAE04EC0-301F-11D3-BF4B-00C04F79EFBC}") = "SalesWebMvc", "SalesWebMvc\SalesWebMvc.csproj", "{2635468E-E54B-4ECB-8908-B93C515CAE30}"
EndProject
Global
	GlobalSection(SolutionConfigurationPlatforms) = preSolution
		Debug|Any CPU = Debug|Any CPU
		Release|Any CPU = Release|Any CPU
	EndGlobalSection
	GlobalSection(ProjectConfigurationPlatforms) = postSolution
		{2635468E-E54B-4ECB-8908-B93C515CAE30}.Debug|Any CPU.ActiveCfg = Debug|Any CPU
		{2635468E-E54B-4ECB-8908-B93C515CAE30}.Debug|Any CPU.Build.0 = Debug|Any CPU
		{2635468E-E54B-4ECB-8908-B93C515CAE30}.Release|Any CPU.ActiveCfg = Release|Any CPU
		{2635468E-E54B-4ECB-8908-B93C515CAE30}.Release|Any CPU.Build.0 = Release|Any CPU
	EndGlobalSection
	GlobalSection(SolutionProperties) = preSolution
		HideSolutionNode = FALSE
	EndGlobalSection
	GlobalSection(ExtensibilityGlobals) = postSolution
		SolutionGuid = {AC710C68-2F90-4A43-A179-E4C3F13912E0}
	EndGlobalSection
EndGlobal
